{
  "name": "lectiodivina",
  "version": "0.1.0",
  "scripts": {
    "dev": "next dev",
    "build": "next build",
    "start": "next start",
    "lint": "next lint",
    "analyze": "ANALYZE=true next build",
    "pm2:start": "pm2 start ecosystem.config.js",
    "pm2:restart": "pm2 restart lectio",
    "pm2:stop": "pm2 stop lectio",
    "pm2:logs": "pm2 logs lectio",
    "pm2:status": "pm2 status",
    "deploy": "npm run build && pm2 restart lectio"
  },
  "dependencies": {
    "@supabase/ssr": "^0.6.1",
    "@supabase/supabase-js": "^2.50.0",
    "@tinymce/tinymce-react": "^6.2.1",
    "@tiptap/extension-link": "^2.12.0",
    "@tiptap/react": "^2.12.0",
    "@tiptap/starter-kit": "^2.12.0",
    "framer-motion": "^12.16.0",
    "lucide-react": "^0.513.0",
    "next": "^15.3.4",
    "react": "^19.0.0",
    "react-dom": "^19.0.0",
    "xlsx": "^0.18.5"
  },
  "devDependencies": {
    "@eslint/eslintrc": "^3",
    "@next/bundle-analyzer": "^15.3.4",
    "@tailwindcss/postcss": "^4",
    "@types/node": "^20",
    "@types/react": "^19",
    "@types/react-dom": "^19",
    "eslint": "^9",
    "eslint-config-next": "15.3.3",
    "tailwindcss": "^4",
    "typescript": "^5"
  },
  "engines": {
    "node": ">=18.17.0",
    "npm": ">=9.0.0"
  }
}